{
  "name": "contrast-figma-plugin",
  "version": "1.0.0",
  "lockfileVersion": 2,
  "requires": true,
  "packages": {
    "": {
      "name": "contrast-figma-plugin",
      "version": "1.0.0",
      "dependencies": {
        "classnames": "^2.2.6",
        "figma-messenger": "^1.0.5",
        "react": "^16.13.0",
        "react-dom": "^16.13.0",
        "react-figma-plugin-ds": "^2.2.0"
      },
      "devDependencies": {
        "@figma/plugin-typings": "^1.23.0",
        "@types/react": "^17.0.5",
        "figpack": "file:../lib/figpack"
      }
    },
    "../lib/figpack": {
      "version": "0.1.4",
      "dev": true,
      "license": "Apache-2.0",
      "dependencies": {
        "@babel/core": "^7.14.2",
        "babel-loader": "^8.2.2",
        "babel-preset-env": "^1.7.0",
        "chokidar": "^3.5.1",
        "classnames": "^2.3.1",
        "css-loader": "^5.2.4",
        "deep-equal": "^2.0.5",
        "html-loader": "^2.1.2",
        "node-sass": "^6.0.0",
        "raw-loader": "^4.0.2",
        "sass-loader": "^11.1.1",
        "style-loader": "^2.0.0",
        "tmp": "^0.2.1",
        "ts-loader": "^9.1.2",
        "webpack": "^5.37.0",
        "yargs": "^17.0.1"
      },
      "bin": {
        "figpack": "figpack.js"
      },
      "engines": {
        "node": "14"
      }
    },
    "node_modules/@figma/plugin-typings": {
      "version": "1.23.0",
      "resolved": "https://registry.npmjs.org/@figma/plugin-typings/-/plugin-typings-1.23.0.tgz",
      "integrity": "sha512-hKSQSyE4Lwb9GI0sL92YX8QvBAwsCkKGSIxLkEn3CDLSTtOjtTs/GKsQ8zUAFtcrr0KQLEYW0rBkGU3UVpPq/Q==",
      "dev": true
    },
    "node_modules/@types/prop-types": {
      "version": "15.7.3",
      "resolved": "https://registry.npmjs.org/@types/prop-types/-/prop-types-15.7.3.tgz",
      "integrity": "sha512-KfRL3PuHmqQLOG+2tGpRO26Ctg+Cq1E01D2DMriKEATHgWLfeNDmq9e29Q9WIky0dQ3NPkd1mzYH8Lm936Z9qw==",
      "dev": true
    },
    "node_modules/@types/react": {
      "version": "17.0.5",
      "resolved": "https://registry.npmjs.org/@types/react/-/react-17.0.5.tgz",
      "integrity": "sha512-bj4biDB9ZJmGAYTWSKJly6bMr4BLUiBrx9ujiJEoP9XIDY9CTaPGxE5QWN/1WjpPLzYF7/jRNnV2nNxNe970sw==",
      "dev": true,
      "dependencies": {
        "@types/prop-types": "*",
        "@types/scheduler": "*",
        "csstype": "^3.0.2"
      }
    },
    "node_modules/@types/scheduler": {
      "version": "0.16.1",
      "resolved": "https://registry.npmjs.org/@types/scheduler/-/scheduler-0.16.1.tgz",
      "integrity": "sha512-EaCxbanVeyxDRTQBkdLb3Bvl/HK7PBK6UJjsSixB0iHKoWxE5uu2Q/DgtpOhPIojN0Zl1whvOd7PoHs2P0s5eA==",
      "dev": true
    },
    "node_modules/airbnb-prop-types": {
      "version": "2.16.0",
      "license": "MIT",
      "dependencies": {
        "array.prototype.find": "^2.1.1",
        "function.prototype.name": "^1.1.2",
        "is-regex": "^1.1.0",
        "object-is": "^1.1.2",
        "object.assign": "^4.1.0",
        "object.entries": "^1.1.2",
        "prop-types": "^15.7.2",
        "prop-types-exact": "^1.2.0",
        "react-is": "^16.13.1"
      },
      "funding": {
        "url": "https://github.com/sponsors/ljharb"
      },
      "peerDependencies": {
        "react": "^0.14 || ^15.0.0 || ^16.0.0-alpha"
      }
    },
    "node_modules/airbnb-prop-types/node_modules/react-is": {
      "version": "16.13.1",
      "license": "MIT"
    },
    "node_modules/array.prototype.find": {
      "version": "2.1.1",
      "license": "MIT",
      "dependencies": {
        "define-properties": "^1.1.3",
        "es-abstract": "^1.17.4"
      },
      "funding": {
        "url": "https://github.com/sponsors/ljharb"
      }
    },
    "node_modules/call-bind": {
      "version": "1.0.0",
      "license": "MIT",
      "dependencies": {
        "function-bind": "^1.1.1",
        "get-intrinsic": "^1.0.0"
      },
      "funding": {
        "url": "https://github.com/sponsors/ljharb"
      }
    },
    "node_modules/classnames": {
      "version": "2.2.6",
      "license": "MIT"
    },
    "node_modules/consolidated-events": {
      "version": "2.0.2",
      "license": "MIT"
    },
    "node_modules/csstype": {
      "version": "3.0.8",
      "resolved": "https://registry.npmjs.org/csstype/-/csstype-3.0.8.tgz",
      "integrity": "sha512-jXKhWqXPmlUeoQnF/EhTtTl4C9SnrxSH/jZUih3jmO6lBKr99rP3/+FmrMj4EFpOXzMtXHAZkd3x0E6h6Fgflw==",
      "dev": true
    },
    "node_modules/define-properties": {
      "version": "1.1.3",
      "license": "MIT",
      "dependencies": {
        "object-keys": "^1.0.12"
      },
      "engines": {
        "node": ">= 0.4"
      }
    },
    "node_modules/document.contains": {
      "version": "1.0.2",
      "license": "MIT",
      "dependencies": {
        "define-properties": "^1.1.3"
      },
      "funding": {
        "url": "https://github.com/sponsors/ljharb"
      }
    },
    "node_modules/es-abstract": {
      "version": "1.17.7",
      "license": "MIT",
      "dependencies": {
        "es-to-primitive": "^1.2.1",
        "function-bind": "^1.1.1",
        "has": "^1.0.3",
        "has-symbols": "^1.0.1",
        "is-callable": "^1.2.2",
        "is-regex": "^1.1.1",
        "object-inspect": "^1.8.0",
        "object-keys": "^1.1.1",
        "object.assign": "^4.1.1",
        "string.prototype.trimend": "^1.0.1",
        "string.prototype.trimstart": "^1.0.1"
      },
      "engines": {
        "node": ">= 0.4"
      },
      "funding": {
        "url": "https://github.com/sponsors/ljharb"
      }
    },
    "node_modules/es-to-primitive": {
      "version": "1.2.1",
      "license": "MIT",
      "dependencies": {
        "is-callable": "^1.1.4",
        "is-date-object": "^1.0.1",
        "is-symbol": "^1.0.2"
      },
      "engines": {
        "node": ">= 0.4"
      },
      "funding": {
        "url": "https://github.com/sponsors/ljharb"
      }
    },
    "node_modules/figma-messenger": {
      "version": "1.0.5",
      "license": "MIT"
    },
    "node_modules/figma-plugin-ds": {
      "version": "0.1.8",
      "license": "ISC"
    },
    "node_modules/figpack": {
      "resolved": "../lib/figpack",
      "link": true
    },
    "node_modules/function-bind": {
      "version": "1.1.1",
      "license": "MIT"
    },
    "node_modules/function.prototype.name": {
      "version": "1.1.2",
      "license": "MIT",
      "dependencies": {
        "define-properties": "^1.1.3",
        "es-abstract": "^1.17.0-next.1",
        "functions-have-names": "^1.2.0"
      },
      "engines": {
        "node": ">= 0.4"
      },
      "funding": {
        "url": "https://github.com/sponsors/ljharb"
      }
    },
    "node_modules/functions-have-names": {
      "version": "1.2.1",
      "license": "MIT",
      "funding": {
        "url": "https://github.com/sponsors/ljharb"
      }
    },
    "node_modules/get-intrinsic": {
      "version": "1.0.1",
      "license": "MIT",
      "dependencies": {
        "function-bind": "^1.1.1",
        "has": "^1.0.3",
        "has-symbols": "^1.0.1"
      },
      "funding": {
        "url": "https://github.com/sponsors/ljharb"
      }
    },
    "node_modules/has": {
      "version": "1.0.3",
      "license": "MIT",
      "dependencies": {
        "function-bind": "^1.1.1"
      },
      "engines": {
        "node": ">= 0.4.0"
      }
    },
    "node_modules/has-symbols": {
      "version": "1.0.1",
      "license": "MIT",
      "engines": {
        "node": ">= 0.4"
      },
      "funding": {
        "url": "https://github.com/sponsors/ljharb"
      }
    },
    "node_modules/is-callable": {
      "version": "1.2.2",
      "license": "MIT",
      "engines": {
        "node": ">= 0.4"
      },
      "funding": {
        "url": "https://github.com/sponsors/ljharb"
      }
    },
    "node_modules/is-date-object": {
      "version": "1.0.2",
      "license": "MIT",
      "engines": {
        "node": ">= 0.4"
      },
      "funding": {
        "url": "https://github.com/sponsors/ljharb"
      }
    },
    "node_modules/is-negative-zero": {
      "version": "2.0.0",
      "license": "MIT",
      "engines": {
        "node": ">= 0.4"
      }
    },
    "node_modules/is-regex": {
      "version": "1.1.1",
      "license": "MIT",
      "dependencies": {
        "has-symbols": "^1.0.1"
      },
      "engines": {
        "node": ">= 0.4"
      },
      "funding": {
        "url": "https://github.com/sponsors/ljharb"
      }
    },
    "node_modules/is-symbol": {
      "version": "1.0.3",
      "license": "MIT",
      "dependencies": {
        "has-symbols": "^1.0.1"
      },
      "engines": {
        "node": ">= 0.4"
      },
      "funding": {
        "url": "https://github.com/sponsors/ljharb"
      }
    },
    "node_modules/js-tokens": {
      "version": "4.0.0",
      "license": "MIT"
    },
    "node_modules/loose-envify": {
      "version": "1.4.0",
      "license": "MIT",
      "dependencies": {
        "js-tokens": "^3.0.0 || ^4.0.0"
      },
      "bin": {
        "loose-envify": "cli.js"
      }
    },
    "node_modules/object-assign": {
      "version": "4.1.1",
      "license": "MIT",
      "engines": {
        "node": ">=0.10.0"
      }
    },
    "node_modules/object-inspect": {
      "version": "1.8.0",
      "license": "MIT",
      "funding": {
        "url": "https://github.com/sponsors/ljharb"
      }
    },
    "node_modules/object-is": {
      "version": "1.1.3",
      "license": "MIT",
      "dependencies": {
        "define-properties": "^1.1.3",
        "es-abstract": "^1.18.0-next.1"
      },
      "engines": {
        "node": ">= 0.4"
      },
      "funding": {
        "url": "https://github.com/sponsors/ljharb"
      }
    },
    "node_modules/object-is/node_modules/es-abstract": {
      "version": "1.18.0-next.1",
      "license": "MIT",
      "dependencies": {
        "es-to-primitive": "^1.2.1",
        "function-bind": "^1.1.1",
        "has": "^1.0.3",
        "has-symbols": "^1.0.1",
        "is-callable": "^1.2.2",
        "is-negative-zero": "^2.0.0",
        "is-regex": "^1.1.1",
        "object-inspect": "^1.8.0",
        "object-keys": "^1.1.1",
        "object.assign": "^4.1.1",
        "string.prototype.trimend": "^1.0.1",
        "string.prototype.trimstart": "^1.0.1"
      },
      "engines": {
        "node": ">= 0.4"
      },
      "funding": {
        "url": "https://github.com/sponsors/ljharb"
      }
    },
    "node_modules/object-keys": {
      "version": "1.1.1",
      "license": "MIT",
      "engines": {
        "node": ">= 0.4"
      }
    },
    "node_modules/object.assign": {
      "version": "4.1.2",
      "license": "MIT",
      "dependencies": {
        "call-bind": "^1.0.0",
        "define-properties": "^1.1.3",
        "has-symbols": "^1.0.1",
        "object-keys": "^1.1.1"
      },
      "engines": {
        "node": ">= 0.4"
      },
      "funding": {
        "url": "https://github.com/sponsors/ljharb"
      }
    },
    "node_modules/object.entries": {
      "version": "1.1.2",
      "license": "MIT",
      "dependencies": {
        "define-properties": "^1.1.3",
        "es-abstract": "^1.17.5",
        "has": "^1.0.3"
      },
      "engines": {
        "node": ">= 0.4"
      }
    },
    "node_modules/object.values": {
      "version": "1.1.1",
      "license": "MIT",
      "dependencies": {
        "define-properties": "^1.1.3",
        "es-abstract": "^1.17.0-next.1",
        "function-bind": "^1.1.1",
        "has": "^1.0.3"
      },
      "engines": {
        "node": ">= 0.4"
      },
      "funding": {
        "url": "https://github.com/sponsors/ljharb"
      }
    },
    "node_modules/prop-types": {
      "version": "15.7.2",
      "license": "MIT",
      "dependencies": {
        "loose-envify": "^1.4.0",
        "object-assign": "^4.1.1",
        "react-is": "^16.8.1"
      }
    },
    "node_modules/prop-types-exact": {
      "version": "1.2.0",
      "license": "MIT",
      "dependencies": {
        "has": "^1.0.3",
        "object.assign": "^4.1.0",
        "reflect.ownkeys": "^0.2.0"
      }
    },
    "node_modules/react": {
      "version": "16.13.0",
      "license": "MIT",
      "dependencies": {
        "loose-envify": "^1.1.0",
        "object-assign": "^4.1.1",
        "prop-types": "^15.6.2"
      },
      "engines": {
        "node": ">=0.10.0"
      }
    },
    "node_modules/react-dom": {
      "version": "16.13.0",
      "license": "MIT",
      "dependencies": {
        "loose-envify": "^1.1.0",
        "object-assign": "^4.1.1",
        "prop-types": "^15.6.2",
        "scheduler": "^0.19.0"
      },
      "peerDependencies": {
        "react": "^16.0.0"
      }
    },
    "node_modules/react-figma-plugin-ds": {
      "version": "2.2.0",
      "resolved": "https://registry.npmjs.org/react-figma-plugin-ds/-/react-figma-plugin-ds-2.2.0.tgz",
      "integrity": "sha512-gSBv2HMAWv3ms51GW3pSnzYPJaHwvLbgTOOSXgpbq/JJ4lnvvQBGYpRQ9hjT637a8Y9WfPnGXXsTwRVyX7Yc9g==",
      "dependencies": {
        "figma-plugin-ds": "^0.1.8",
        "react-outside-click-handler": "^1.3.0"
      },
      "peerDependencies": {
        "react": ">=16",
        "react-dom": ">=16"
      }
    },
    "node_modules/react-is": {
      "version": "16.13.0",
      "license": "MIT"
    },
    "node_modules/react-outside-click-handler": {
      "version": "1.3.0",
      "license": "MIT",
      "dependencies": {
        "airbnb-prop-types": "^2.15.0",
        "consolidated-events": "^1.1.1 || ^2.0.0",
        "document.contains": "^1.0.1",
        "object.values": "^1.1.0",
        "prop-types": "^15.7.2"
      },
      "peerDependencies": {
        "react": "^0.14 || >=15",
        "react-dom": "^0.14 || >=15"
      }
    },
    "node_modules/reflect.ownkeys": {
      "version": "0.2.0",
      "license": "MIT"
    },
    "node_modules/scheduler": {
      "version": "0.19.0",
      "license": "MIT",
      "dependencies": {
        "loose-envify": "^1.1.0",
        "object-assign": "^4.1.1"
      }
    },
    "node_modules/string.prototype.trimend": {
      "version": "1.0.3",
      "license": "MIT",
      "dependencies": {
        "call-bind": "^1.0.0",
        "define-properties": "^1.1.3"
      },
      "funding": {
        "url": "https://github.com/sponsors/ljharb"
      }
    },
    "node_modules/string.prototype.trimstart": {
      "version": "1.0.3",
      "license": "MIT",
      "dependencies": {
        "call-bind": "^1.0.0",
        "define-properties": "^1.1.3"
      },
      "funding": {
        "url": "https://github.com/sponsors/ljharb"
      }
    }
  },
  "dependencies": {
    "@figma/plugin-typings": {
      "version": "1.23.0",
      "resolved": "https://registry.npmjs.org/@figma/plugin-typings/-/plugin-typings-1.23.0.tgz",
      "integrity": "sha512-hKSQSyE4Lwb9GI0sL92YX8QvBAwsCkKGSIxLkEn3CDLSTtOjtTs/GKsQ8zUAFtcrr0KQLEYW0rBkGU3UVpPq/Q==",
      "dev": true
    },
    "@types/prop-types": {
      "version": "15.7.3",
      "resolved": "https://registry.npmjs.org/@types/prop-types/-/prop-types-15.7.3.tgz",
      "integrity": "sha512-KfRL3PuHmqQLOG+2tGpRO26Ctg+Cq1E01D2DMriKEATHgWLfeNDmq9e29Q9WIky0dQ3NPkd1mzYH8Lm936Z9qw==",
      "dev": true
    },
    "@types/react": {
      "version": "17.0.5",
      "resolved": "https://registry.npmjs.org/@types/react/-/react-17.0.5.tgz",
      "integrity": "sha512-bj4biDB9ZJmGAYTWSKJly6bMr4BLUiBrx9ujiJEoP9XIDY9CTaPGxE5QWN/1WjpPLzYF7/jRNnV2nNxNe970sw==",
      "dev": true,
      "requires": {
        "@types/prop-types": "*",
        "@types/scheduler": "*",
        "csstype": "^3.0.2"
      }
    },
    "@types/scheduler": {
      "version": "0.16.1",
      "resolved": "https://registry.npmjs.org/@types/scheduler/-/scheduler-0.16.1.tgz",
      "integrity": "sha512-EaCxbanVeyxDRTQBkdLb3Bvl/HK7PBK6UJjsSixB0iHKoWxE5uu2Q/DgtpOhPIojN0Zl1whvOd7PoHs2P0s5eA==",
      "dev": true
    },
    "airbnb-prop-types": {
      "version": "2.16.0",
      "requires": {
        "array.prototype.find": "^2.1.1",
        "function.prototype.name": "^1.1.2",
        "is-regex": "^1.1.0",
        "object-is": "^1.1.2",
        "object.assign": "^4.1.0",
        "object.entries": "^1.1.2",
        "prop-types": "^15.7.2",
        "prop-types-exact": "^1.2.0",
        "react-is": "^16.13.1"
      },
      "dependencies": {
        "react-is": {
          "version": "16.13.1"
        }
      }
    },
    "array.prototype.find": {
      "version": "2.1.1",
      "requires": {
        "define-properties": "^1.1.3",
        "es-abstract": "^1.17.4"
      }
    },
    "call-bind": {
      "version": "1.0.0",
      "requires": {
        "function-bind": "^1.1.1",
        "get-intrinsic": "^1.0.0"
      }
    },
    "classnames": {
      "version": "2.2.6"
    },
    "consolidated-events": {
      "version": "2.0.2"
    },
    "csstype": {
      "version": "3.0.8",
      "resolved": "https://registry.npmjs.org/csstype/-/csstype-3.0.8.tgz",
      "integrity": "sha512-jXKhWqXPmlUeoQnF/EhTtTl4C9SnrxSH/jZUih3jmO6lBKr99rP3/+FmrMj4EFpOXzMtXHAZkd3x0E6h6Fgflw==",
      "dev": true
    },
    "define-properties": {
      "version": "1.1.3",
      "requires": {
        "object-keys": "^1.0.12"
      }
    },
    "document.contains": {
      "version": "1.0.2",
      "requires": {
        "define-properties": "^1.1.3"
      }
    },
    "es-abstract": {
      "version": "1.17.7",
      "requires": {
        "es-to-primitive": "^1.2.1",
        "function-bind": "^1.1.1",
        "has": "^1.0.3",
        "has-symbols": "^1.0.1",
        "is-callable": "^1.2.2",
        "is-regex": "^1.1.1",
        "object-inspect": "^1.8.0",
        "object-keys": "^1.1.1",
        "object.assign": "^4.1.1",
        "string.prototype.trimend": "^1.0.1",
        "string.prototype.trimstart": "^1.0.1"
      }
    },
    "es-to-primitive": {
      "version": "1.2.1",
      "requires": {
        "is-callable": "^1.1.4",
        "is-date-object": "^1.0.1",
        "is-symbol": "^1.0.2"
      }
    },
    "figma-messenger": {
      "version": "1.0.5"
    },
    "figma-plugin-ds": {
      "version": "0.1.8"
    },
    "figpack": {
      "version": "file:../lib/figpack",
      "requires": {
        "@babel/core": "^7.14.2",
        "babel-loader": "^8.2.2",
        "babel-preset-env": "^1.7.0",
        "chokidar": "^3.5.1",
        "classnames": "^2.3.1",
        "css-loader": "^5.2.4",
        "deep-equal": "^2.0.5",
        "html-loader": "^2.1.2",
        "node-sass": "^6.0.0",
        "raw-loader": "^4.0.2",
        "sass-loader": "^11.1.1",
        "style-loader": "^2.0.0",
        "tmp": "^0.2.1",
        "ts-loader": "^9.1.2",
        "webpack": "^5.37.0",
        "yargs": "^17.0.1"
      }
    },
    "function-bind": {
      "version": "1.1.1"
    },
    "function.prototype.name": {
      "version": "1.1.2",
      "requires": {
        "define-properties": "^1.1.3",
        "es-abstract": "^1.17.0-next.1",
        "functions-have-names": "^1.2.0"
      }
    },
    "functions-have-names": {
      "version": "1.2.1"
    },
    "get-intrinsic": {
      "version": "1.0.1",
      "requires": {
        "function-bind": "^1.1.1",
        "has": "^1.0.3",
        "has-symbols": "^1.0.1"
      }
    },
    "has": {
      "version": "1.0.3",
      "requires": {
        "function-bind": "^1.1.1"
      }
    },
    "has-symbols": {
      "version": "1.0.1"
    },
    "is-callable": {
      "version": "1.2.2"
    },
    "is-date-object": {
      "version": "1.0.2"
    },
    "is-negative-zero": {
      "version": "2.0.0"
    },
    "is-regex": {
      "version": "1.1.1",
      "requires": {
        "has-symbols": "^1.0.1"
      }
    },
    "is-symbol": {
      "version": "1.0.3",
      "requires": {
        "has-symbols": "^1.0.1"
      }
    },
    "js-tokens": {
      "version": "4.0.0"
    },
    "loose-envify": {
      "version": "1.4.0",
      "requires": {
        "js-tokens": "^3.0.0 || ^4.0.0"
      }
    },
    "object-assign": {
      "version": "4.1.1"
    },
    "object-inspect": {
      "version": "1.8.0"
    },
    "object-is": {
      "version": "1.1.3",
      "requires": {
        "define-properties": "^1.1.3",
        "es-abstract": "^1.18.0-next.1"
      },
      "dependencies": {
        "es-abstract": {
          "version": "1.18.0-next.1",
          "requires": {
            "es-to-primitive": "^1.2.1",
            "function-bind": "^1.1.1",
            "has": "^1.0.3",
            "has-symbols": "^1.0.1",
            "is-callable": "^1.2.2",
            "is-negative-zero": "^2.0.0",
            "is-regex": "^1.1.1",
            "object-inspect": "^1.8.0",
            "object-keys": "^1.1.1",
            "object.assign": "^4.1.1",
            "string.prototype.trimend": "^1.0.1",
            "string.prototype.trimstart": "^1.0.1"
          }
        }
      }
    },
    "object-keys": {
      "version": "1.1.1"
    },
    "object.assign": {
      "version": "4.1.2",
      "requires": {
        "call-bind": "^1.0.0",
        "define-properties": "^1.1.3",
        "has-symbols": "^1.0.1",
        "object-keys": "^1.1.1"
      }
    },
    "object.entries": {
      "version": "1.1.2",
      "requires": {
        "define-properties": "^1.1.3",
        "es-abstract": "^1.17.5",
        "has": "^1.0.3"
      }
    },
    "object.values": {
      "version": "1.1.1",
      "requires": {
        "define-properties": "^1.1.3",
        "es-abstract": "^1.17.0-next.1",
        "function-bind": "^1.1.1",
        "has": "^1.0.3"
      }
    },
    "prop-types": {
      "version": "15.7.2",
      "requires": {
        "loose-envify": "^1.4.0",
        "object-assign": "^4.1.1",
        "react-is": "^16.8.1"
      }
    },
    "prop-types-exact": {
      "version": "1.2.0",
      "requires": {
        "has": "^1.0.3",
        "object.assign": "^4.1.0",
        "reflect.ownkeys": "^0.2.0"
      }
    },
    "react": {
      "version": "16.13.0",
      "requires": {
        "loose-envify": "^1.1.0",
        "object-assign": "^4.1.1",
        "prop-types": "^15.6.2"
      }
    },
    "react-dom": {
      "version": "16.13.0",
      "requires": {
        "loose-envify": "^1.1.0",
        "object-assign": "^4.1.1",
        "prop-types": "^15.6.2",
        "scheduler": "^0.19.0"
      }
    },
    "react-figma-plugin-ds": {
      "version": "2.2.0",
      "resolved": "https://registry.npmjs.org/react-figma-plugin-ds/-/react-figma-plugin-ds-2.2.0.tgz",
      "integrity": "sha512-gSBv2HMAWv3ms51GW3pSnzYPJaHwvLbgTOOSXgpbq/JJ4lnvvQBGYpRQ9hjT637a8Y9WfPnGXXsTwRVyX7Yc9g==",
      "requires": {
        "figma-plugin-ds": "^0.1.8",
        "react-outside-click-handler": "^1.3.0"
      }
    },
    "react-is": {
      "version": "16.13.0"
    },
    "react-outside-click-handler": {
      "version": "1.3.0",
      "requires": {
        "airbnb-prop-types": "^2.15.0",
        "consolidated-events": "^1.1.1 || ^2.0.0",
        "document.contains": "^1.0.1",
        "object.values": "^1.1.0",
        "prop-types": "^15.7.2"
      }
    },
    "reflect.ownkeys": {
      "version": "0.2.0"
    },
    "scheduler": {
      "version": "0.19.0",
      "requires": {
        "loose-envify": "^1.1.0",
        "object-assign": "^4.1.1"
      }
    },
    "string.prototype.trimend": {
      "version": "1.0.3",
      "requires": {
        "call-bind": "^1.0.0",
        "define-properties": "^1.1.3"
      }
    },
    "string.prototype.trimstart": {
      "version": "1.0.3",
      "requires": {
        "call-bind": "^1.0.0",
        "define-properties": "^1.1.3"
      }
    }
  }
}
